# novo.lock — auto-generated by novo pkg, do not edit

[calendar-nv]
source = "registry"
url = "https://registry.novo-lang.org"
req = "^0.0.2"
version = "0.0.2"
hash = "96409f46f3946d4b40437754edc7e8a6f044521cfe286f5723ff10205a581f48"

[config-core-nv]
source = "registry"
url = "https://registry.novo-lang.org"
req = "^0.0.1"
version = "0.0.1"
hash = "c8c0a8aa5f3c823509498884d99142f23a760adbbfa7cf62de5cc2e6510ad8ff"

[toml-nv]
source = "registry"
url = "https://registry.novo-lang.org"
req = "^0.0.3"
version = "0.0.3"
hash = "8562318b3dc6620fa6c4b90e0f2d7818d97f324481061bbe78ef33d755c7ee09"

[yaml-nv]
source = "registry"
url = "https://registry.novo-lang.org"
req = "^0.0.2"
version = "0.0.2"
hash = "6f1512e2949936130b354b9ef9e4f03c207eefd29cc6558720a5a97c7319a6e7"
